
Microsoft Visual Studio Solution File, Format Version 12.00
# Visual Studio 15
VisualStudioVersion = 15.0.26730.15
MinimumVisualStudioVersion = 10.0.40219.1
Project("{FAE04EC0-301F-11D3-BF4B-00C04F79EFBC}") = "BrokenEvent.NanoSerializer", "BrokenEvent.NanoSerializer\BrokenEvent.NanoSerializer.csproj", "{8C77FE69-814B-40ED-8392-67151159CA52}"
EndProject
Project("{FAE04EC0-301F-11D3-BF4B-00C04F79EFBC}") = "BrokenEvent.NanoSerializer.Tests", "BrokenEvent.NanoSerializer.Tests\BrokenEvent.NanoSerializer.Tests.csproj", "{97F844CC-42D2-481A-9D50-49C99196AF95}"
EndProject
Global
	GlobalSection(SolutionConfigurationPlatforms) = preSolution
		Debug|Any CPU = Debug|Any CPU
		Release|Any CPU = Release|Any CPU
	EndGlobalSection
	GlobalSection(ProjectConfigurationPlatforms) = postSolution
		{8C77FE69-814B-40ED-8392-67151159CA52}.Debug|Any CPU.ActiveCfg = Debug|Any CPU
		{8C77FE69-814B-40ED-8392-67151159CA52}.Debug|Any CPU.Build.0 = Debug|Any CPU
		{8C77FE69-814B-40ED-8392-67151159CA52}.Release|Any CPU.ActiveCfg = Release|Any CPU
		{8C77FE69-814B-40ED-8392-67151159CA52}.Release|Any CPU.Build.0 = Release|Any CPU
		{97F844CC-42D2-481A-9D50-49C99196AF95}.Debug|Any CPU.ActiveCfg = Debug|Any CPU
		{97F844CC-42D2-481A-9D50-49C99196AF95}.Debug|Any CPU.Build.0 = Debug|Any CPU
		{97F844CC-42D2-481A-9D50-49C99196AF95}.Release|Any CPU.ActiveCfg = Release|Any CPU
		{97F844CC-42D2-481A-9D50-49C99196AF95}.Release|Any CPU.Build.0 = Release|Any CPU
	EndGlobalSection
	GlobalSection(SolutionProperties) = preSolution
		HideSolutionNode = FALSE
	EndGlobalSection
	GlobalSection(ExtensibilityGlobals) = postSolution
		SolutionGuid = {2946D5EE-FB35-4F7A-A425-2D0DB248D5EE}
	EndGlobalSection
EndGlobal
